
Microsoft Visual Studio Solution File, Format Version 12.00
# Visual Studio Version 16
VisualStudioVersion = 16.0.31424.327
MinimumVisualStudioVersion = 10.0.40219.1
Project("{9A19103F-16F7-4668-BE54-9A1E7A4F7556}") = "Rookie.MyEcommerce.Tests", "Rookie.MyEcommerce.Tests\Rookie.MyEcommerce.Tests.csproj", "{38CECBB3-2435-4F5F-BF5E-C6EBFF7237FD}"
EndProject
Project("{9A19103F-16F7-4668-BE54-9A1E7A4F7556}") = "Rookie.MyEcommerce.UnitTests", "Rookie.MyEcommerce.UnitTests\Rookie.MyEcommerce.UnitTests.csproj", "{5100D993-7216-44C9-B65F-AF9355DD8DC6}"
EndProject
Project("{9A19103F-16F7-4668-BE54-9A1E7A4F7556}") = "Rookie.MyEcommerce.IdentityServer", "Rookie.MyEcommerce.IdentityServer\Rookie.MyEcommerce.IdentityServer.csproj", "{D8B724DD-F5FD-4CD4-B78E-274367B6D1E2}"
EndProject
Project("{9A19103F-16F7-4668-BE54-9A1E7A4F7556}") = "Rookie.MyEcommerce.IntergrationTests", "Rookie.MyEcommerce.IntergrationTests\Rookie.MyEcommerce.IntergrationTests.csproj", "{042892EC-7A11-4BDA-86FC-ADFD0E6AF64F}"
EndProject
Project("{9A19103F-16F7-4668-BE54-9A1E7A4F7556}") = "Rookie.MyEcommerce.API", "Rookie.MyEcommerce.API\Rookie.MyEcommerce.API.csproj", "{4B56941F-A780-4A3F-A859-5A7A8AB30C9C}"
EndProject
Project("{9A19103F-16F7-4668-BE54-9A1E7A4F7556}") = "Rookie.MyEcommerce.Business", "Rookie.MyEcommerce.Business\Rookie.MyEcommerce.Business.csproj", "{44BD5CEE-5D76-4EEE-8062-D88A46157035}"
EndProject
Project("{9A19103F-16F7-4668-BE54-9A1E7A4F7556}") = "Rookie.MyEcommerce.Contracts", "Rookie.MyEcommerce.Contracts\Rookie.MyEcommerce.Contracts.csproj", "{A2D1418B-5AED-4A81-BE23-108B63548BD1}"
EndProject
Project("{9A19103F-16F7-4668-BE54-9A1E7A4F7556}") = "Rookie.MyEcommerce.DataAccessors", "Rookie.MyEcommerce.DataAccessors\Rookie.MyEcommerce.DataAccessors.csproj", "{1843DF3C-4E0F-4A60-B5C3-5304FCFF48FE}"
EndProject
Project("{9A19103F-16F7-4668-BE54-9A1E7A4F7556}") = "Rookie.MyEcommerce.Entities", "Rookie.MyEcommerce.Entities\Rookie.MyEcommerce.Entities.csproj", "{A4114ACF-8E3D-4465-AAE4-B6DCA47261F8}"
EndProject
Project("{9A19103F-16F7-4668-BE54-9A1E7A4F7556}") = "Rookie.MyEcommerce.Web", "Rookie.MyEcommerce.Web\Rookie.MyEcommerce.Web.csproj", "{9A74487A-FCF3-4E97-ADA0-FD0FDB4A6AE8}"
EndProject
Project("{E24C65DC-7377-472B-9ABA-BC803B73C61A}") = "Rookie.MyEcommerce.Admin", "Rookie.MyEcommerce.Admin\", "{6E3EAB6A-B061-4954-9055-1217A5EEAC47}"
	ProjectSection(WebsiteProperties) = preProject
		TargetFrameworkMoniker = ".NETFramework,Version%3Dv4.0"
		Debug.AspNetCompiler.VirtualPath = "/localhost_59728"
		Debug.AspNetCompiler.PhysicalPath = "Rookie.MyEcommerce.Admin\"
		Debug.AspNetCompiler.TargetPath = "PrecompiledWeb\localhost_59728\"
		Debug.AspNetCompiler.Updateable = "true"
		Debug.AspNetCompiler.ForceOverwrite = "true"
		Debug.AspNetCompiler.FixedNames = "false"
		Debug.AspNetCompiler.Debug = "True"
		Release.AspNetCompiler.VirtualPath = "/localhost_59728"
		Release.AspNetCompiler.PhysicalPath = "Rookie.MyEcommerce.Admin\"
		Release.AspNetCompiler.TargetPath = "PrecompiledWeb\localhost_59728\"
		Release.AspNetCompiler.Updateable = "true"
		Release.AspNetCompiler.ForceOverwrite = "true"
		Release.AspNetCompiler.FixedNames = "false"
		Release.AspNetCompiler.Debug = "False"
		VWDPort = "59728"
	EndProjectSection
EndProject
Global
	GlobalSection(SolutionConfigurationPlatforms) = preSolution
		Debug|Any CPU = Debug|Any CPU
		Release|Any CPU = Release|Any CPU
	EndGlobalSection
	GlobalSection(ProjectConfigurationPlatforms) = postSolution
		{38CECBB3-2435-4F5F-BF5E-C6EBFF7237FD}.Debug|Any CPU.ActiveCfg = Debug|Any CPU
		{38CECBB3-2435-4F5F-BF5E-C6EBFF7237FD}.Debug|Any CPU.Build.0 = Debug|Any CPU
		{38CECBB3-2435-4F5F-BF5E-C6EBFF7237FD}.Release|Any CPU.ActiveCfg = Release|Any CPU
		{38CECBB3-2435-4F5F-BF5E-C6EBFF7237FD}.Release|Any CPU.Build.0 = Release|Any CPU
		{5100D993-7216-44C9-B65F-AF9355DD8DC6}.Debug|Any CPU.ActiveCfg = Debug|Any CPU
		{5100D993-7216-44C9-B65F-AF9355DD8DC6}.Debug|Any CPU.Build.0 = Debug|Any CPU
		{5100D993-7216-44C9-B65F-AF9355DD8DC6}.Release|Any CPU.ActiveCfg = Release|Any CPU
		{5100D993-7216-44C9-B65F-AF9355DD8DC6}.Release|Any CPU.Build.0 = Release|Any CPU
		{D8B724DD-F5FD-4CD4-B78E-274367B6D1E2}.Debug|Any CPU.ActiveCfg = Debug|Any CPU
		{D8B724DD-F5FD-4CD4-B78E-274367B6D1E2}.Debug|Any CPU.Build.0 = Debug|Any CPU
		{D8B724DD-F5FD-4CD4-B78E-274367B6D1E2}.Release|Any CPU.ActiveCfg = Release|Any CPU
		{D8B724DD-F5FD-4CD4-B78E-274367B6D1E2}.Release|Any CPU.Build.0 = Release|Any CPU
		{042892EC-7A11-4BDA-86FC-ADFD0E6AF64F}.Debug|Any CPU.ActiveCfg = Debug|Any CPU
		{042892EC-7A11-4BDA-86FC-ADFD0E6AF64F}.Debug|Any CPU.Build.0 = Debug|Any CPU
		{042892EC-7A11-4BDA-86FC-ADFD0E6AF64F}.Release|Any CPU.ActiveCfg = Release|Any CPU
		{042892EC-7A11-4BDA-86FC-ADFD0E6AF64F}.Release|Any CPU.Build.0 = Release|Any CPU
		{4B56941F-A780-4A3F-A859-5A7A8AB30C9C}.Debug|Any CPU.ActiveCfg = Debug|Any CPU
		{4B56941F-A780-4A3F-A859-5A7A8AB30C9C}.Debug|Any CPU.Build.0 = Debug|Any CPU
		{4B56941F-A780-4A3F-A859-5A7A8AB30C9C}.Release|Any CPU.ActiveCfg = Release|Any CPU
		{4B56941F-A780-4A3F-A859-5A7A8AB30C9C}.Release|Any CPU.Build.0 = Release|Any CPU
		{44BD5CEE-5D76-4EEE-8062-D88A46157035}.Debug|Any CPU.ActiveCfg = Debug|Any CPU
		{44BD5CEE-5D76-4EEE-8062-D88A46157035}.Debug|Any CPU.Build.0 = Debug|Any CPU
		{44BD5CEE-5D76-4EEE-8062-D88A46157035}.Release|Any CPU.ActiveCfg = Release|Any CPU
		{44BD5CEE-5D76-4EEE-8062-D88A46157035}.Release|Any CPU.Build.0 = Release|Any CPU
		{A2D1418B-5AED-4A81-BE23-108B63548BD1}.Debug|Any CPU.ActiveCfg = Debug|Any CPU
		{A2D1418B-5AED-4A81-BE23-108B63548BD1}.Debug|Any CPU.Build.0 = Debug|Any CPU
		{A2D1418B-5AED-4A81-BE23-108B63548BD1}.Release|Any CPU.ActiveCfg = Release|Any CPU
		{A2D1418B-5AED-4A81-BE23-108B63548BD1}.Release|Any CPU.Build.0 = Release|Any CPU
		{1843DF3C-4E0F-4A60-B5C3-5304FCFF48FE}.Debug|Any CPU.ActiveCfg = Debug|Any CPU
		{1843DF3C-4E0F-4A60-B5C3-5304FCFF48FE}.Debug|Any CPU.Build.0 = Debug|Any CPU
		{1843DF3C-4E0F-4A60-B5C3-5304FCFF48FE}.Release|Any CPU.ActiveCfg = Release|Any CPU
		{1843DF3C-4E0F-4A60-B5C3-5304FCFF48FE}.Release|Any CPU.Build.0 = Release|Any CPU
		{A4114ACF-8E3D-4465-AAE4-B6DCA47261F8}.Debug|Any CPU.ActiveCfg = Debug|Any CPU
		{A4114ACF-8E3D-4465-AAE4-B6DCA47261F8}.Debug|Any CPU.Build.0 = Debug|Any CPU
		{A4114ACF-8E3D-4465-AAE4-B6DCA47261F8}.Release|Any CPU.ActiveCfg = Release|Any CPU
		{A4114ACF-8E3D-4465-AAE4-B6DCA47261F8}.Release|Any CPU.Build.0 = Release|Any CPU
		{9A74487A-FCF3-4E97-ADA0-FD0FDB4A6AE8}.Debug|Any CPU.ActiveCfg = Debug|Any CPU
		{9A74487A-FCF3-4E97-ADA0-FD0FDB4A6AE8}.Debug|Any CPU.Build.0 = Debug|Any CPU
		{9A74487A-FCF3-4E97-ADA0-FD0FDB4A6AE8}.Release|Any CPU.ActiveCfg = Release|Any CPU
		{9A74487A-FCF3-4E97-ADA0-FD0FDB4A6AE8}.Release|Any CPU.Build.0 = Release|Any CPU
		{6E3EAB6A-B061-4954-9055-1217A5EEAC47}.Debug|Any CPU.ActiveCfg = Debug|Any CPU
		{6E3EAB6A-B061-4954-9055-1217A5EEAC47}.Debug|Any CPU.Build.0 = Debug|Any CPU
		{6E3EAB6A-B061-4954-9055-1217A5EEAC47}.Release|Any CPU.ActiveCfg = Debug|Any CPU
		{6E3EAB6A-B061-4954-9055-1217A5EEAC47}.Release|Any CPU.Build.0 = Debug|Any CPU
	EndGlobalSection
	GlobalSection(SolutionProperties) = preSolution
		HideSolutionNode = FALSE
	EndGlobalSection
	GlobalSection(ExtensibilityGlobals) = postSolution
		SolutionGuid = {39D06CBF-97E6-4B6C-8549-F1579A652CEC}
	EndGlobalSection
EndGlobal
